{
    "_meta": {
        "hash": {
            "sha256": "91dfc7547540fdd309d339aa0b450ba89e55fe2a56286d2d4c88f2034b1594bb"
        },
        "pipfile-spec": 6,
        "requires": {
            "python_version": "3.9"
        },
        "sources": [
            {
                "name": "pypi",
                "url": "https://pypi.org/simple",
                "verify_ssl": true
            }
        ]
    },
    "default": {
        "pyjsparser": {
            "hashes": [
                "sha256:2b12842df98d83f65934e0772fa4a5d8b123b3bc79f1af1789172ac70265dd21",
                "sha256:be60da6b778cc5a5296a69d8e7d614f1f870faf94e1b1b6ac591f2ad5d729579"
            ],
            "index": "pypi",
            "version": "==2.7.1"
        }
    },
    "develop": {}
}
